
Microsoft Visual Studio Solution File, Format Version 12.00
Project("{FAE04EC0-301F-11D3-BF4B-00C04F79EFBC}") = "TPXimpactHub.Web", "src\TPXimpactHub.Web\TPXimpactHub.Web.csproj", "{6EB5441A-E889-47A7-A37E-278E95B8CE2B}"
EndProject
Project("{FAE04EC0-301F-11D3-BF4B-00C04F79EFBC}") = "TPXimpactHub.Core", "src\TPXimpactHub.Core\TPXimpactHub.Core.csproj", "{B85E29B1-CD54-4414-B245-2FB80BEE600A}"
EndProject
Global
	GlobalSection(SolutionConfigurationPlatforms) = preSolution
		Debug|Any CPU = Debug|Any CPU
		Release|Any CPU = Release|Any CPU
	EndGlobalSection
	GlobalSection(ProjectConfigurationPlatforms) = postSolution
		{6EB5441A-E889-47A7-A37E-278E95B8CE2B}.Debug|Any CPU.ActiveCfg = Debug|Any CPU
		{6EB5441A-E889-47A7-A37E-278E95B8CE2B}.Debug|Any CPU.Build.0 = Debug|Any CPU
		{6EB5441A-E889-47A7-A37E-278E95B8CE2B}.Release|Any CPU.ActiveCfg = Release|Any CPU
		{6EB5441A-E889-47A7-A37E-278E95B8CE2B}.Release|Any CPU.Build.0 = Release|Any CPU
		{B85E29B1-CD54-4414-B245-2FB80BEE600A}.Debug|Any CPU.ActiveCfg = Debug|Any CPU
		{B85E29B1-CD54-4414-B245-2FB80BEE600A}.Debug|Any CPU.Build.0 = Debug|Any CPU
		{B85E29B1-CD54-4414-B245-2FB80BEE600A}.Release|Any CPU.ActiveCfg = Release|Any CPU
		{B85E29B1-CD54-4414-B245-2FB80BEE600A}.Release|Any CPU.Build.0 = Release|Any CPU
	EndGlobalSection
EndGlobal
